// !$*UTF8*$!
{
	archiveVersion = 1;
	classes = {
	};
	objectVersion = 51;
	objects = {

/* Begin PBXBuildFile section */
		00C72BF915E3971C94DEBEFF /* Pods_LexterAppetiserUITests.framework in Frameworks */ = {isa = PBXBuildFile; fileRef = E91DA9F790D62A0545AA6F2A /* Pods_LexterAppetiserUITests.framework */; };
		3C8E97F39D6C512CF9FACB0D /* Pods_LexterAppetiserTests.framework in Frameworks */ = {isa = PBXBuildFile; fileRef = A452AA8FA3AF69D37F8EE2F7 /* Pods_LexterAppetiserTests.framework */; };
		50C1FECC22E7E795003EE148 /* AppDelegate.swift in Sources */ = {isa = PBXBuildFile; fileRef = 50C1FECB22E7E795003EE148 /* AppDelegate.swift */; };
		50C1FECE22E7E795003EE148 /* MasterViewControllerOrig.swift in Sources */ = {isa = PBXBuildFile; fileRef = 50C1FECD22E7E795003EE148 /* MasterViewControllerOrig.swift */; };
		50C1FED022E7E795003EE148 /* DetailViewController.swift in Sources */ = {isa = PBXBuildFile; fileRef = 50C1FECF22E7E795003EE148 /* DetailViewController.swift */; };
		50C1FED322E7E795003EE148 /* Main.storyboard in Resources */ = {isa = PBXBuildFile; fileRef = 50C1FED122E7E795003EE148 /* Main.storyboard */; };
		50C1FED522E7E796003EE148 /* Assets.xcassets in Resources */ = {isa = PBXBuildFile; fileRef = 50C1FED422E7E796003EE148 /* Assets.xcassets */; };
		50C1FED822E7E796003EE148 /* LaunchScreen.storyboard in Resources */ = {isa = PBXBuildFile; fileRef = 50C1FED622E7E796003EE148 /* LaunchScreen.storyboard */; };
		50C1FEE322E7E796003EE148 /* LexterAppetiserTests.swift in Sources */ = {isa = PBXBuildFile; fileRef = 50C1FEE222E7E796003EE148 /* LexterAppetiserTests.swift */; };
		50C1FEEE22E7E796003EE148 /* LexterAppetiserUITests.swift in Sources */ = {isa = PBXBuildFile; fileRef = 50C1FEED22E7E796003EE148 /* LexterAppetiserUITests.swift */; };
		50C1FEFC22E7EB97003EE148 /* MasterViewController.swift in Sources */ = {isa = PBXBuildFile; fileRef = 50C1FEFB22E7EB97003EE148 /* MasterViewController.swift */; };
		50C1FF0322E7F28F003EE148 /* TrackModel.swift in Sources */ = {isa = PBXBuildFile; fileRef = 50C1FF0222E7F28F003EE148 /* TrackModel.swift */; };
		A227B8F986F35DB04E9EFB64 /* Pods_LexterAppetiser.framework in Frameworks */ = {isa = PBXBuildFile; fileRef = B4D8697ADFE6A74C124392E3 /* Pods_LexterAppetiser.framework */; };
/* End PBXBuildFile section */

/* Begin PBXContainerItemProxy section */
		50C1FEDF22E7E796003EE148 /* PBXContainerItemProxy */ = {
			isa = PBXContainerItemProxy;
			containerPortal = 50C1FEC022E7E795003EE148 /* Project object */;
			proxyType = 1;
			remoteGlobalIDString = 50C1FEC722E7E795003EE148;
			remoteInfo = LexterAppetiser;
		};
		50C1FEEA22E7E796003EE148 /* PBXContainerItemProxy */ = {
			isa = PBXContainerItemProxy;
			containerPortal = 50C1FEC022E7E795003EE148 /* Project object */;
			proxyType = 1;
			remoteGlobalIDString = 50C1FEC722E7E795003EE148;
			remoteInfo = LexterAppetiser;
		};
/* End PBXContainerItemProxy section */

/* Begin PBXFileReference section */
		06EA787F5C7AE1986992402E /* Pods-LexterAppetiserUITests.debug.xcconfig */ = {isa = PBXFileReference; includeInIndex = 1; lastKnownFileType = text.xcconfig; name = "Pods-LexterAppetiserUITests.debug.xcconfig"; path = "Target Support Files/Pods-LexterAppetiserUITests/Pods-LexterAppetiserUITests.debug.xcconfig"; sourceTree = "<group>"; };
		1F0991DC7023E74B4F1F64AD /* Pods-LexterAppetiserTests.debug.xcconfig */ = {isa = PBXFileReference; includeInIndex = 1; lastKnownFileType = text.xcconfig; name = "Pods-LexterAppetiserTests.debug.xcconfig"; path = "Target Support Files/Pods-LexterAppetiserTests/Pods-LexterAppetiserTests.debug.xcconfig"; sourceTree = "<group>"; };
		3DA8AE7BC0473A9034286346 /* Pods-LexterAppetiserUITests.release.xcconfig */ = {isa = PBXFileReference; includeInIndex = 1; lastKnownFileType = text.xcconfig; name = "Pods-LexterAppetiserUITests.release.xcconfig"; path = "Target Support Files/Pods-LexterAppetiserUITests/Pods-LexterAppetiserUITests.release.xcconfig"; sourceTree = "<group>"; };
		50C1FEC822E7E795003EE148 /* LexterAppetiser.app */ = {isa = PBXFileReference; explicitFileType = wrapper.application; includeInIndex = 0; path = LexterAppetiser.app; sourceTree = BUILT_PRODUCTS_DIR; };
		50C1FECB22E7E795003EE148 /* AppDelegate.swift */ = {isa = PBXFileReference; lastKnownFileType = sourcecode.swift; path = AppDelegate.swift; sourceTree = "<group>"; };
		50C1FECD22E7E795003EE148 /* MasterViewControllerOrig.swift */ = {isa = PBXFileReference; lastKnownFileType = sourcecode.swift; path = MasterViewControllerOrig.swift; sourceTree = "<group>"; };
		50C1FECF22E7E795003EE148 /* DetailViewController.swift */ = {isa = PBXFileReference; lastKnownFileType = sourcecode.swift; path = DetailViewController.swift; sourceTree = "<group>"; };
		50C1FED222E7E795003EE148 /* Base */ = {isa = PBXFileReference; lastKnownFileType = file.storyboard; name = Base; path = Base.lproj/Main.storyboard; sourceTree = "<group>"; };
		50C1FED422E7E796003EE148 /* Assets.xcassets */ = {isa = PBXFileReference; lastKnownFileType = folder.assetcatalog; path = Assets.xcassets; sourceTree = "<group>"; };
		50C1FED722E7E796003EE148 /* Base */ = {isa = PBXFileReference; lastKnownFileType = file.storyboard; name = Base; path = Base.lproj/LaunchScreen.storyboard; sourceTree = "<group>"; };
		50C1FED922E7E796003EE148 /* Info.plist */ = {isa = PBXFileReference; lastKnownFileType = text.plist.xml; path = Info.plist; sourceTree = "<group>"; };
		50C1FEDE22E7E796003EE148 /* LexterAppetiserTests.xctest */ = {isa = PBXFileReference; explicitFileType = wrapper.cfbundle; includeInIndex = 0; path = LexterAppetiserTests.xctest; sourceTree = BUILT_PRODUCTS_DIR; };
		50C1FEE222E7E796003EE148 /* LexterAppetiserTests.swift */ = {isa = PBXFileReference; lastKnownFileType = sourcecode.swift; path = LexterAppetiserTests.swift; sourceTree = "<group>"; };
		50C1FEE422E7E796003EE148 /* Info.plist */ = {isa = PBXFileReference; lastKnownFileType = text.plist.xml; path = Info.plist; sourceTree = "<group>"; };
		50C1FEE922E7E796003EE148 /* LexterAppetiserUITests.xctest */ = {isa = PBXFileReference; explicitFileType = wrapper.cfbundle; includeInIndex = 0; path = LexterAppetiserUITests.xctest; sourceTree = BUILT_PRODUCTS_DIR; };
		50C1FEED22E7E796003EE148 /* LexterAppetiserUITests.swift */ = {isa = PBXFileReference; lastKnownFileType = sourcecode.swift; path = LexterAppetiserUITests.swift; sourceTree = "<group>"; };
		50C1FEEF22E7E796003EE148 /* Info.plist */ = {isa = PBXFileReference; lastKnownFileType = text.plist.xml; path = Info.plist; sourceTree = "<group>"; };
		50C1FEFB22E7EB97003EE148 /* MasterViewController.swift */ = {isa = PBXFileReference; lastKnownFileType = sourcecode.swift; path = MasterViewController.swift; sourceTree = "<group>"; };
		50C1FF0222E7F28F003EE148 /* TrackModel.swift */ = {isa = PBXFileReference; lastKnownFileType = sourcecode.swift; path = TrackModel.swift; sourceTree = "<group>"; };
		90402B3B42903E65B9E4670E /* Pods-LexterAppetiserTests.release.xcconfig */ = {isa = PBXFileReference; includeInIndex = 1; lastKnownFileType = text.xcconfig; name = "Pods-LexterAppetiserTests.release.xcconfig"; path = "Target Support Files/Pods-LexterAppetiserTests/Pods-LexterAppetiserTests.release.xcconfig"; sourceTree = "<group>"; };
		9A76C9CBE3AEBDBEF5E80ED3 /* Pods-LexterAppetiser.release.xcconfig */ = {isa = PBXFileReference; includeInIndex = 1; lastKnownFileType = text.xcconfig; name = "Pods-LexterAppetiser.release.xcconfig"; path = "Target Support Files/Pods-LexterAppetiser/Pods-LexterAppetiser.release.xcconfig"; sourceTree = "<group>"; };
		A452AA8FA3AF69D37F8EE2F7 /* Pods_LexterAppetiserTests.framework */ = {isa = PBXFileReference; explicitFileType = wrapper.framework; includeInIndex = 0; path = Pods_LexterAppetiserTests.framework; sourceTree = BUILT_PRODUCTS_DIR; };
		ACD6B22ACF221327C33F0025 /* Pods-LexterAppetiser.debug.xcconfig */ = {isa = PBXFileReference; includeInIndex = 1; lastKnownFileType = text.xcconfig; name = "Pods-LexterAppetiser.debug.xcconfig"; path = "Target Support Files/Pods-LexterAppetiser/Pods-LexterAppetiser.debug.xcconfig"; sourceTree = "<group>"; };
		B4D8697ADFE6A74C124392E3 /* Pods_LexterAppetiser.framework */ = {isa = PBXFileReference; explicitFileType = wrapper.framework; includeInIndex = 0; path = Pods_LexterAppetiser.framework; sourceTree = BUILT_PRODUCTS_DIR; };
		E91DA9F790D62A0545AA6F2A /* Pods_LexterAppetiserUITests.framework */ = {isa = PBXFileReference; explicitFileType = wrapper.framework; includeInIndex = 0; path = Pods_LexterAppetiserUITests.framework; sourceTree = BUILT_PRODUCTS_DIR; };
/* End PBXFileReference section */

/* Begin PBXFrameworksBuildPhase section */
		50C1FEC522E7E795003EE148 /* Frameworks */ = {
			isa = PBXFrameworksBuildPhase;
			buildActionMask = 2147483647;
			files = (
				A227B8F986F35DB04E9EFB64 /* Pods_LexterAppetiser.framework in Frameworks */,
			);
			runOnlyForDeploymentPostprocessing = 0;
		};
		50C1FEDB22E7E796003EE148 /* Frameworks */ = {
			isa = PBXFrameworksBuildPhase;
			buildActionMask = 2147483647;
			files = (
				3C8E97F39D6C512CF9FACB0D /* Pods_LexterAppetiserTests.framework in Frameworks */,
			);
			runOnlyForDeploymentPostprocessing = 0;
		};
		50C1FEE622E7E796003EE148 /* Frameworks */ = {
			isa = PBXFrameworksBuildPhase;
			buildActionMask = 2147483647;
			files = (
				00C72BF915E3971C94DEBEFF /* Pods_LexterAppetiserUITests.framework in Frameworks */,
			);
			runOnlyForDeploymentPostprocessing = 0;
		};
/* End PBXFrameworksBuildPhase section */

/* Begin PBXGroup section */
		50C1FEBF22E7E795003EE148 = {
			isa = PBXGroup;
			children = (
				50C1FECA22E7E795003EE148 /* LexterAppetiser */,
				50C1FEE122E7E796003EE148 /* LexterAppetiserTests */,
				50C1FEEC22E7E796003EE148 /* LexterAppetiserUITests */,
				50C1FEC922E7E795003EE148 /* Products */,
				E09851DDD538B4625C3D3B99 /* Pods */,
				8347E2D9FAC7C37BB538E795 /* Frameworks */,
			);
			sourceTree = "<group>";
		};
		50C1FEC922E7E795003EE148 /* Products */ = {
			isa = PBXGroup;
			children = (
				50C1FEC822E7E795003EE148 /* LexterAppetiser.app */,
				50C1FEDE22E7E796003EE148 /* LexterAppetiserTests.xctest */,
				50C1FEE922E7E796003EE148 /* LexterAppetiserUITests.xctest */,
			);
			name = Products;
			sourceTree = "<group>";
		};
		50C1FECA22E7E795003EE148 /* LexterAppetiser */ = {
			isa = PBXGroup;
			children = (
				50C1FECB22E7E795003EE148 /* AppDelegate.swift */,
				50C1FECD22E7E795003EE148 /* MasterViewControllerOrig.swift */,
				50C1FEFB22E7EB97003EE148 /* MasterViewController.swift */,
				50C1FECF22E7E795003EE148 /* DetailViewController.swift */,
				50C1FED122E7E795003EE148 /* Main.storyboard */,
				50C1FED422E7E796003EE148 /* Assets.xcassets */,
				50C1FED622E7E796003EE148 /* LaunchScreen.storyboard */,
				50C1FED922E7E796003EE148 /* Info.plist */,
				50C1FF0222E7F28F003EE148 /* TrackModel.swift */,
			);
			path = LexterAppetiser;
			sourceTree = "<group>";
		};
		50C1FEE122E7E796003EE148 /* LexterAppetiserTests */ = {
			isa = PBXGroup;
			children = (
				50C1FEE222E7E796003EE148 /* LexterAppetiserTests.swift */,
				50C1FEE422E7E796003EE148 /* Info.plist */,
			);
			path = LexterAppetiserTests;
			sourceTree = "<group>";
		};
		50C1FEEC22E7E796003EE148 /* LexterAppetiserUITests */ = {
			isa = PBXGroup;
			children = (
				50C1FEED22E7E796003EE148 /* LexterAppetiserUITests.swift */,
				50C1FEEF22E7E796003EE148 /* Info.plist */,
			);
			path = LexterAppetiserUITests;
			sourceTree = "<group>";
		};
		8347E2D9FAC7C37BB538E795 /* Frameworks */ = {
			isa = PBXGroup;
			children = (
				B4D8697ADFE6A74C124392E3 /* Pods_LexterAppetiser.framework */,
				A452AA8FA3AF69D37F8EE2F7 /* Pods_LexterAppetiserTests.framework */,
				E91DA9F790D62A0545AA6F2A /* Pods_LexterAppetiserUITests.framework */,
			);
			name = Frameworks;
			sourceTree = "<group>";
		};
		E09851DDD538B4625C3D3B99 /* Pods */ = {
			isa = PBXGroup;
			children = (
				ACD6B22ACF221327C33F0025 /* Pods-LexterAppetiser.debug.xcconfig */,
				9A76C9CBE3AEBDBEF5E80ED3 /* Pods-LexterAppetiser.release.xcconfig */,
				1F0991DC7023E74B4F1F64AD /* Pods-LexterAppetiserTests.debug.xcconfig */,
				90402B3B42903E65B9E4670E /* Pods-LexterAppetiserTests.release.xcconfig */,
				06EA787F5C7AE1986992402E /* Pods-LexterAppetiserUITests.debug.xcconfig */,
				3DA8AE7BC0473A9034286346 /* Pods-LexterAppetiserUITests.release.xcconfig */,
			);
			path = Pods;
			sourceTree = "<group>";
		};
/* End PBXGroup section */

/* Begin PBXNativeTarget section */
		50C1FEC722E7E795003EE148 /* LexterAppetiser */ = {
			isa = PBXNativeTarget;
			buildConfigurationList = 50C1FEF222E7E796003EE148 /* Build configuration list for PBXNativeTarget "LexterAppetiser" */;
			buildPhases = (
				61D97A47B383A2B6B90B556B /* [CP] Check Pods Manifest.lock */,
				50C1FEC422E7E795003EE148 /* Sources */,
				50C1FEC522E7E795003EE148 /* Frameworks */,
				50C1FEC622E7E795003EE148 /* Resources */,
				E6CAE429D5DDA0DB60C5187A /* [CP] Embed Pods Frameworks */,
			);
			buildRules = (
			);
			dependencies = (
			);
			name = LexterAppetiser;
			productName = LexterAppetiser;
			productReference = 50C1FEC822E7E795003EE148 /* LexterAppetiser.app */;
			productType = "com.apple.product-type.application";
		};
		50C1FEDD22E7E796003EE148 /* LexterAppetiserTests */ = {
			isa = PBXNativeTarget;
			buildConfigurationList = 50C1FEF522E7E796003EE148 /* Build configuration list for PBXNativeTarget "LexterAppetiserTests" */;
			buildPhases = (
				E49B0225F6485369C8B21ECB /* [CP] Check Pods Manifest.lock */,
				50C1FEDA22E7E796003EE148 /* Sources */,
				50C1FEDB22E7E796003EE148 /* Frameworks */,
				50C1FEDC22E7E796003EE148 /* Resources */,
				E1A2F382DA036AF92636BD85 /* [CP] Embed Pods Frameworks */,
			);
			buildRules = (
			);
			dependencies = (
				50C1FEE022E7E796003EE148 /* PBXTargetDependency */,
			);
			name = LexterAppetiserTests;
			productName = LexterAppetiserTests;
			productReference = 50C1FEDE22E7E796003EE148 /* LexterAppetiserTests.xctest */;
			productType = "com.apple.product-type.bundle.unit-test";
		};
		50C1FEE822E7E796003EE148 /* LexterAppetiserUITests */ = {
			isa = PBXNativeTarget;
			buildConfigurationList = 50C1FEF822E7E796003EE148 /* Build configuration list for PBXNativeTarget "LexterAppetiserUITests" */;
			buildPhases = (
				3D6E3D641E24CE28A7E6B0E1 /* [CP] Check Pods Manifest.lock */,
				50C1FEE522E7E796003EE148 /* Sources */,
				50C1FEE622E7E796003EE148 /* Frameworks */,
				50C1FEE722E7E796003EE148 /* Resources */,
				BF3A34AE5479980E03720C3E /* [CP] Embed Pods Frameworks */,
			);
			buildRules = (
			);
			dependencies = (
				50C1FEEB22E7E796003EE148 /* PBXTargetDependency */,
			);
			name = LexterAppetiserUITests;
			productName = LexterAppetiserUITests;
			productReference = 50C1FEE922E7E796003EE148 /* LexterAppetiserUITests.xctest */;
			productType = "com.apple.product-type.bundle.ui-testing";
		};
/* End PBXNativeTarget section */

/* Begin PBXProject section */
		50C1FEC022E7E795003EE148 /* Project object */ = {
			isa = PBXProject;
			attributes = {
				LastSwiftUpdateCheck = 1020;
				LastUpgradeCheck = 1020;
				ORGANIZATIONNAME = "Lexter Labra";
				TargetAttributes = {
					50C1FEC722E7E795003EE148 = {
						CreatedOnToolsVersion = 10.2.1;
					};
					50C1FEDD22E7E796003EE148 = {
						CreatedOnToolsVersion = 10.2.1;
						TestTargetID = 50C1FEC722E7E795003EE148;
					};
					50C1FEE822E7E796003EE148 = {
						CreatedOnToolsVersion = 10.2.1;
						TestTargetID = 50C1FEC722E7E795003EE148;
					};
				};
			};
			buildConfigurationList = 50C1FEC322E7E795003EE148 /* Build configuration list for PBXProject "LexterAppetiser" */;
			compatibilityVersion = "Xcode 9.3";
			developmentRegion = en;
			hasScannedForEncodings = 0;
			knownRegions = (
				en,
				Base,
			);
			mainGroup = 50C1FEBF22E7E795003EE148;
			productRefGroup = 50C1FEC922E7E795003EE148 /* Products */;
			projectDirPath = "";
			projectRoot = "";
			targets = (
				50C1FEC722E7E795003EE148 /* LexterAppetiser */,
				50C1FEDD22E7E796003EE148 /* LexterAppetiserTests */,
				50C1FEE822E7E796003EE148 /* LexterAppetiserUITests */,
			);
		};
/* End PBXProject section */

/* Begin PBXResourcesBuildPhase section */
		50C1FEC622E7E795003EE148 /* Resources */ = {
			isa = PBXResourcesBuildPhase;
			buildActionMask = 2147483647;
			files = (
				50C1FED822E7E796003EE148 /* LaunchScreen.storyboard in Resources */,
				50C1FED522E7E796003EE148 /* Assets.xcassets in Resources */,
				50C1FED322E7E795003EE148 /* Main.storyboard in Resources */,
			);
			runOnlyForDeploymentPostprocessing = 0;
		};
		50C1FEDC22E7E796003EE148 /* Resources */ = {
			isa = PBXResourcesBuildPhase;
			buildActionMask = 2147483647;
			files = (
			);
			runOnlyForDeploymentPostprocessing = 0;
		};
		50C1FEE722E7E796003EE148 /* Resources */ = {
			isa = PBXResourcesBuildPhase;
			buildActionMask = 2147483647;
			files = (
			);
			runOnlyForDeploymentPostprocessing = 0;
		};
/* End PBXResourcesBuildPhase section */

/* Begin PBXShellScriptBuildPhase section */
		3D6E3D641E24CE28A7E6B0E1 /* [CP] Check Pods Manifest.lock */ = {
			isa = PBXShellScriptBuildPhase;
			buildActionMask = 2147483647;
			files = (
			);
			inputFileListPaths = (
			);
			inputPaths = (
				"${PODS_PODFILE_DIR_PATH}/Podfile.lock",
				"${PODS_ROOT}/Manifest.lock",
			);
			name = "[CP] Check Pods Manifest.lock";
			outputFileListPaths = (
			);
			outputPaths = (
				"$(DERIVED_FILE_DIR)/Pods-LexterAppetiserUITests-checkManifestLockResult.txt",
			);
			runOnlyForDeploymentPostprocessing = 0;
			shellPath = /bin/sh;
			shellScript = "diff \"${PODS_PODFILE_DIR_PATH}/Podfile.lock\" \"${PODS_ROOT}/Manifest.lock\" > /dev/null\nif [ $? != 0 ] ; then\n    # print error to STDERR\n    echo \"error: The sandbox is not in sync with the Podfile.lock. Run 'pod install' or update your CocoaPods installation.\" >&2\n    exit 1\nfi\n# This output is used by Xcode 'outputs' to avoid re-running this script phase.\necho \"SUCCESS\" > \"${SCRIPT_OUTPUT_FILE_0}\"\n";
			showEnvVarsInLog = 0;
		};
		61D97A47B383A2B6B90B556B /* [CP] Check Pods Manifest.lock */ = {
			isa = PBXShellScriptBuildPhase;
			buildActionMask = 2147483647;
			files = (
			);
			inputFileListPaths = (
			);
			inputPaths = (
				"${PODS_PODFILE_DIR_PATH}/Podfile.lock",
				"${PODS_ROOT}/Manifest.lock",
			);
			name = "[CP] Check Pods Manifest.lock";
			outputFileListPaths = (
			);
			outputPaths = (
				"$(DERIVED_FILE_DIR)/Pods-LexterAppetiser-checkManifestLockResult.txt",
			);
			runOnlyForDeploymentPostprocessing = 0;
			shellPath = /bin/sh;
			shellScript = "diff \"${PODS_PODFILE_DIR_PATH}/Podfile.lock\" \"${PODS_ROOT}/Manifest.lock\" > /dev/null\nif [ $? != 0 ] ; then\n    # print error to STDERR\n    echo \"error: The sandbox is not in sync with the Podfile.lock. Run 'pod install' or update your CocoaPods installation.\" >&2\n    exit 1\nfi\n# This output is used by Xcode 'outputs' to avoid re-running this script phase.\necho \"SUCCESS\" > \"${SCRIPT_OUTPUT_FILE_0}\"\n";
			showEnvVarsInLog = 0;
		};
		BF3A34AE5479980E03720C3E /* [CP] Embed Pods Frameworks */ = {
			isa = PBXShellScriptBuildPhase;
			buildActionMask = 2147483647;
			files = (
			);
			inputFileListPaths = (
				"${PODS_ROOT}/Target Support Files/Pods-LexterAppetiserUITests/Pods-LexterAppetiserUITests-frameworks-${CONFIGURATION}-input-files.xcfilelist",
			);
			name = "[CP] Embed Pods Frameworks";
			outputFileListPaths = (
				"${PODS_ROOT}/Target Support Files/Pods-LexterAppetiserUITests/Pods-LexterAppetiserUITests-frameworks-${CONFIGURATION}-output-files.xcfilelist",
			);
			runOnlyForDeploymentPostprocessing = 0;
			shellPath = /bin/sh;
			shellScript = "\"${PODS_ROOT}/Target Support Files/Pods-LexterAppetiserUITests/Pods-LexterAppetiserUITests-frameworks.sh\"\n";
			showEnvVarsInLog = 0;
		};
		E1A2F382DA036AF92636BD85 /* [CP] Embed Pods Frameworks */ = {
			isa = PBXShellScriptBuildPhase;
			buildActionMask = 2147483647;
			files = (
			);
			inputFileListPaths = (
				"${PODS_ROOT}/Target Support Files/Pods-LexterAppetiserTests/Pods-LexterAppetiserTests-frameworks-${CONFIGURATION}-input-files.xcfilelist",
			);
			name = "[CP] Embed Pods Frameworks";
			outputFileListPaths = (
				"${PODS_ROOT}/Target Support Files/Pods-LexterAppetiserTests/Pods-LexterAppetiserTests-frameworks-${CONFIGURATION}-output-files.xcfilelist",
			);
			runOnlyForDeploymentPostprocessing = 0;
			shellPath = /bin/sh;
			shellScript = "\"${PODS_ROOT}/Target Support Files/Pods-LexterAppetiserTests/Pods-LexterAppetiserTests-frameworks.sh\"\n";
			showEnvVarsInLog = 0;
		};
		E49B0225F6485369C8B21ECB /* [CP] Check Pods Manifest.lock */ = {
			isa = PBXShellScriptBuildPhase;
			buildActionMask = 2147483647;
			files = (
			);
			inputFileListPaths = (
			);
			inputPaths = (
				"${PODS_PODFILE_DIR_PATH}/Podfile.lock",
				"${PODS_ROOT}/Manifest.lock",
			);
			name = "[CP] Check Pods Manifest.lock";
			outputFileListPaths = (
			);
			outputPaths = (
				"$(DERIVED_FILE_DIR)/Pods-LexterAppetiserTests-checkManifestLockResult.txt",
			);
			runOnlyForDeploymentPostprocessing = 0;
			shellPath = /bin/sh;
			shellScript = "diff \"${PODS_PODFILE_DIR_PATH}/Podfile.lock\" \"${PODS_ROOT}/Manifest.lock\" > /dev/null\nif [ $? != 0 ] ; then\n    # print error to STDERR\n    echo \"error: The sandbox is not in sync with the Podfile.lock. Run 'pod install' or update your CocoaPods installation.\" >&2\n    exit 1\nfi\n# This output is used by Xcode 'outputs' to avoid re-running this script phase.\necho \"SUCCESS\" > \"${SCRIPT_OUTPUT_FILE_0}\"\n";
			showEnvVarsInLog = 0;
		};
		E6CAE429D5DDA0DB60C5187A /* [CP] Embed Pods Frameworks */ = {
			isa = PBXShellScriptBuildPhase;
			buildActionMask = 2147483647;
			files = (
			);
			inputFileListPaths = (
				"${PODS_ROOT}/Target Support Files/Pods-LexterAppetiser/Pods-LexterAppetiser-frameworks-${CONFIGURATION}-input-files.xcfilelist",
			);
			name = "[CP] Embed Pods Frameworks";
			outputFileListPaths = (
				"${PODS_ROOT}/Target Support Files/Pods-LexterAppetiser/Pods-LexterAppetiser-frameworks-${CONFIGURATION}-output-files.xcfilelist",
			);
			runOnlyForDeploymentPostprocessing = 0;
			shellPath = /bin/sh;
			shellScript = "\"${PODS_ROOT}/Target Support Files/Pods-LexterAppetiser/Pods-LexterAppetiser-frameworks.sh\"\n";
			showEnvVarsInLog = 0;
		};
/* End PBXShellScriptBuildPhase section */

/* Begin PBXSourcesBuildPhase section */
		50C1FEC422E7E795003EE148 /* Sources */ = {
			isa = PBXSourcesBuildPhase;
			buildActionMask = 2147483647;
			files = (
				50C1FEFC22E7EB97003EE148 /* MasterViewController.swift in Sources */,
				50C1FED022E7E795003EE148 /* DetailViewController.swift in Sources */,
				50C1FECE22E7E795003EE148 /* MasterViewControllerOrig.swift in Sources */,
				50C1FF0322E7F28F003EE148 /* TrackModel.swift in Sources */,
				50C1FECC22E7E795003EE148 /* AppDelegate.swift in Sources */,
			);
			runOnlyForDeploymentPostprocessing = 0;
		};
		50C1FEDA22E7E796003EE148 /* Sources */ = {
			isa = PBXSourcesBuildPhase;
			buildActionMask = 2147483647;
			files = (
				50C1FEE322E7E796003EE148 /* LexterAppetiserTests.swift in Sources */,
			);
			runOnlyForDeploymentPostprocessing = 0;
		};
		50C1FEE522E7E796003EE148 /* Sources */ = {
			isa = PBXSourcesBuildPhase;
			buildActionMask = 2147483647;
			files = (
				50C1FEEE22E7E796003EE148 /* LexterAppetiserUITests.swift in Sources */,
			);
			runOnlyForDeploymentPostprocessing = 0;
		};
/* End PBXSourcesBuildPhase section */

/* Begin PBXTargetDependency section */
		50C1FEE022E7E796003EE148 /* PBXTargetDependency */ = {
			isa = PBXTargetDependency;
			target = 50C1FEC722E7E795003EE148 /* LexterAppetiser */;
			targetProxy = 50C1FEDF22E7E796003EE148 /* PBXContainerItemProxy */;
		};
		50C1FEEB22E7E796003EE148 /* PBXTargetDependency */ = {
			isa = PBXTargetDependency;
			target = 50C1FEC722E7E795003EE148 /* LexterAppetiser */;
			targetProxy = 50C1FEEA22E7E796003EE148 /* PBXContainerItemProxy */;
		};
/* End PBXTargetDependency section */

/* Begin PBXVariantGroup section */
		50C1FED122E7E795003EE148 /* Main.storyboard */ = {
			isa = PBXVariantGroup;
			children = (
				50C1FED222E7E795003EE148 /* Base */,
			);
			name = Main.storyboard;
			sourceTree = "<group>";
		};
		50C1FED622E7E796003EE148 /* LaunchScreen.storyboard */ = {
			isa = PBXVariantGroup;
			children = (
				50C1FED722E7E796003EE148 /* Base */,
			);
			name = LaunchScreen.storyboard;
			sourceTree = "<group>";
		};
/* End PBXVariantGroup section */

/* Begin XCBuildConfiguration section */
		50C1FEF022E7E796003EE148 /* Debug */ = {
			isa = XCBuildConfiguration;
			buildSettings = {
				ALWAYS_SEARCH_USER_PATHS = NO;
				CLANG_ANALYZER_NONNULL = YES;
				CLANG_ANALYZER_NUMBER_OBJECT_CONVERSION = YES_AGGRESSIVE;
				CLANG_CXX_LANGUAGE_STANDARD = "gnu++14";
				CLANG_CXX_LIBRARY = "libc++";
				CLANG_ENABLE_MODULES = YES;
				CLANG_ENABLE_OBJC_ARC = YES;
				CLANG_ENABLE_OBJC_WEAK = YES;
				CLANG_WARN_BLOCK_CAPTURE_AUTORELEASING = YES;
				CLANG_WARN_BOOL_CONVERSION = YES;
				CLANG_WARN_COMMA = YES;
				CLANG_WARN_CONSTANT_CONVERSION = YES;
				CLANG_WARN_DEPRECATED_OBJC_IMPLEMENTATIONS = YES;
				CLANG_WARN_DIRECT_OBJC_ISA_USAGE = YES_ERROR;
				CLANG_WARN_DOCUMENTATION_COMMENTS = YES;
				CLANG_WARN_EMPTY_BODY = YES;
				CLANG_WARN_ENUM_CONVERSION = YES;
				CLANG_WARN_INFINITE_RECURSION = YES;
				CLANG_WARN_INT_CONVERSION = YES;
				CLANG_WARN_NON_LITERAL_NULL_CONVERSION = YES;
				CLANG_WARN_OBJC_IMPLICIT_RETAIN_SELF = YES;
				CLANG_WARN_OBJC_LITERAL_CONVERSION = YES;
				CLANG_WARN_OBJC_ROOT_CLASS = YES_ERROR;
				CLANG_WARN_RANGE_LOOP_ANALYSIS = YES;
				CLANG_WARN_STRICT_PROTOTYPES = YES;
				CLANG_WARN_SUSPICIOUS_MOVE = YES;
				CLANG_WARN_UNGUARDED_AVAILABILITY = YES_AGGRESSIVE;
				CLANG_WARN_UNREACHABLE_CODE = YES;
				CLANG_WARN__DUPLICATE_METHOD_MATCH = YES;
				CODE_SIGN_IDENTITY = "iPhone Developer";
				COPY_PHASE_STRIP = NO;
				DEBUG_INFORMATION_FORMAT = dwarf;
				ENABLE_STRICT_OBJC_MSGSEND = YES;
				ENABLE_TESTABILITY = YES;
				GCC_C_LANGUAGE_STANDARD = gnu11;
				GCC_DYNAMIC_NO_PIC = NO;
				GCC_NO_COMMON_BLOCKS = YES;
				GCC_OPTIMIZATION_LEVEL = 0;
				GCC_PREPROCESSOR_DEFINITIONS = (
					"DEBUG=1",
					"$(inherited)",
				);
				GCC_WARN_64_TO_32_BIT_CONVERSION = YES;
				GCC_WARN_ABOUT_RETURN_TYPE = YES_ERROR;
				GCC_WARN_UNDECLARED_SELECTOR = YES;
				GCC_WARN_UNINITIALIZED_AUTOS = YES_AGGRESSIVE;
				GCC_WARN_UNUSED_FUNCTION = YES;
				GCC_WARN_UNUSED_VARIABLE = YES;
				IPHONEOS_DEPLOYMENT_TARGET = 12.2;
				MTL_ENABLE_DEBUG_INFO = INCLUDE_SOURCE;
				MTL_FAST_MATH = YES;
				ONLY_ACTIVE_ARCH = YES;
				SDKROOT = iphoneos;
				SWIFT_ACTIVE_COMPILATION_CONDITIONS = DEBUG;
				SWIFT_OPTIMIZATION_LEVEL = "-Onone";
			};
			name = Debug;
		};
		50C1FEF122E7E796003EE148 /* Release */ = {
			isa = XCBuildConfiguration;
			buildSettings = {
				ALWAYS_SEARCH_USER_PATHS = NO;
				CLANG_ANALYZER_NONNULL = YES;
				CLANG_ANALYZER_NUMBER_OBJECT_CONVERSION = YES_AGGRESSIVE;
				CLANG_CXX_LANGUAGE_STANDARD = "gnu++14";
				CLANG_CXX_LIBRARY = "libc++";
				CLANG_ENABLE_MODULES = YES;
				CLANG_ENABLE_OBJC_ARC = YES;
				CLANG_ENABLE_OBJC_WEAK = YES;
				CLANG_WARN_BLOCK_CAPTURE_AUTORELEASING = YES;
				CLANG_WARN_BOOL_CONVERSION = YES;
				CLANG_WARN_COMMA = YES;
				CLANG_WARN_CONSTANT_CONVERSION = YES;
				CLANG_WARN_DEPRECATED_OBJC_IMPLEMENTATIONS = YES;
				CLANG_WARN_DIRECT_OBJC_ISA_USAGE = YES_ERROR;
				CLANG_WARN_DOCUMENTATION_COMMENTS = YES;
				CLANG_WARN_EMPTY_BODY = YES;
				CLANG_WARN_ENUM_CONVERSION = YES;
				CLANG_WARN_INFINITE_RECURSION = YES;
				CLANG_WARN_INT_CONVERSION = YES;
				CLANG_WARN_NON_LITERAL_NULL_CONVERSION = YES;
				CLANG_WARN_OBJC_IMPLICIT_RETAIN_SELF = YES;
				CLANG_WARN_OBJC_LITERAL_CONVERSION = YES;
				CLANG_WARN_OBJC_ROOT_CLASS = YES_ERROR;
				CLANG_WARN_RANGE_LOOP_ANALYSIS = YES;
				CLANG_WARN_STRICT_PROTOTYPES = YES;
				CLANG_WARN_SUSPICIOUS_MOVE = YES;
				CLANG_WARN_UNGUARDED_AVAILABILITY = YES_AGGRESSIVE;
				CLANG_WARN_UNREACHABLE_CODE = YES;
				CLANG_WARN__DUPLICATE_METHOD_MATCH = YES;
				CODE_SIGN_IDENTITY = "iPhone Developer";
				COPY_PHASE_STRIP = NO;
				DEBUG_INFORMATION_FORMAT = "dwarf-with-dsym";
				ENABLE_NS_ASSERTIONS = NO;
				ENABLE_STRICT_OBJC_MSGSEND = YES;
				GCC_C_LANGUAGE_STANDARD = gnu11;
				GCC_NO_COMMON_BLOCKS = YES;
				GCC_WARN_64_TO_32_BIT_CONVERSION = YES;
				GCC_WARN_ABOUT_RETURN_TYPE = YES_ERROR;
				GCC_WARN_UNDECLARED_SELECTOR = YES;
				GCC_WARN_UNINITIALIZED_AUTOS = YES_AGGRESSIVE;
				GCC_WARN_UNUSED_FUNCTION = YES;
				GCC_WARN_UNUSED_VARIABLE = YES;
				IPHONEOS_DEPLOYMENT_TARGET = 12.2;
				MTL_ENABLE_DEBUG_INFO = NO;
				MTL_FAST_MATH = YES;
				SDKROOT = iphoneos;
				SWIFT_COMPILATION_MODE = wholemodule;
				SWIFT_OPTIMIZATION_LEVEL = "-O";
				VALIDATE_PRODUCT = YES;
			};
			name = Release;
		};
		50C1FEF322E7E796003EE148 /* Debug */ = {
			isa = XCBuildConfiguration;
			baseConfigurationReference = ACD6B22ACF221327C33F0025 /* Pods-LexterAppetiser.debug.xcconfig */;
			buildSettings = {
				ALWAYS_EMBED_SWIFT_STANDARD_LIBRARIES = "$(inherited)";
				ASSETCATALOG_COMPILER_APPICON_NAME = AppIcon;
				CODE_SIGN_STYLE = Automatic;
				DEVELOPMENT_TEAM = ZZ75FS2Y78;
				INFOPLIST_FILE = LexterAppetiser/Info.plist;
				LD_RUNPATH_SEARCH_PATHS = (
					"$(inherited)",
					"@executable_path/Frameworks",
				);
				PRODUCT_BUNDLE_IDENTIFIER = com.lexlab.LexterAppetiser;
				PRODUCT_NAME = "$(TARGET_NAME)";
				SWIFT_VERSION = 5.0;
				TARGETED_DEVICE_FAMILY = "1,2";
			};
			name = Debug;
		};
		50C1FEF422E7E796003EE148 /* Release */ = {
			isa = XCBuildConfiguration;
			baseConfigurationReference = 9A76C9CBE3AEBDBEF5E80ED3 /* Pods-LexterAppetiser.release.xcconfig */;
			buildSettings = {
				ALWAYS_EMBED_SWIFT_STANDARD_LIBRARIES = "$(inherited)";
				ASSETCATALOG_COMPILER_APPICON_NAME = AppIcon;
				CODE_SIGN_STYLE = Automatic;
				DEVELOPMENT_TEAM = ZZ75FS2Y78;
				INFOPLIST_FILE = LexterAppetiser/Info.plist;
				LD_RUNPATH_SEARCH_PATHS = (
					"$(inherited)",
					"@executable_path/Frameworks",
				);
				PRODUCT_BUNDLE_IDENTIFIER = com.lexlab.LexterAppetiser;
				PRODUCT_NAME = "$(TARGET_NAME)";
				SWIFT_VERSION = 5.0;
				TARGETED_DEVICE_FAMILY = "1,2";
			};
			name = Release;
		};
		50C1FEF622E7E796003EE148 /* Debug */ = {
			isa = XCBuildConfiguration;
			baseConfigurationReference = 1F0991DC7023E74B4F1F64AD /* Pods-LexterAppetiserTests.debug.xcconfig */;
			buildSettings = {
				ALWAYS_EMBED_SWIFT_STANDARD_LIBRARIES = "$(inherited)";
				BUNDLE_LOADER = "$(TEST_HOST)";
				CODE_SIGN_STYLE = Automatic;
				DEVELOPMENT_TEAM = ZZ75FS2Y78;
				INFOPLIST_FILE = LexterAppetiserTests/Info.plist;
				LD_RUNPATH_SEARCH_PATHS = (
					"$(inherited)",
					"@executable_path/Frameworks",
					"@loader_path/Frameworks",
				);
				PRODUCT_BUNDLE_IDENTIFIER = com.lexlab.LexterAppetiserTests;
				PRODUCT_NAME = "$(TARGET_NAME)";
				SWIFT_VERSION = 5.0;
				TARGETED_DEVICE_FAMILY = "1,2";
				TEST_HOST = "$(BUILT_PRODUCTS_DIR)/LexterAppetiser.app/LexterAppetiser";
			};
			name = Debug;
		};
		50C1FEF722E7E796003EE148 /* Release */ = {
			isa = XCBuildConfiguration;
			baseConfigurationReference = 90402B3B42903E65B9E4670E /* Pods-LexterAppetiserTests.release.xcconfig */;
			buildSettings = {
				ALWAYS_EMBED_SWIFT_STANDARD_LIBRARIES = "$(inherited)";
				BUNDLE_LOADER = "$(TEST_HOST)";
				CODE_SIGN_STYLE = Automatic;
				DEVELOPMENT_TEAM = ZZ75FS2Y78;
				INFOPLIST_FILE = LexterAppetiserTests/Info.plist;
				LD_RUNPATH_SEARCH_PATHS = (
					"$(inherited)",
					"@executable_path/Frameworks",
					"@loader_path/Frameworks",
				);
				PRODUCT_BUNDLE_IDENTIFIER = com.lexlab.LexterAppetiserTests;
				PRODUCT_NAME = "$(TARGET_NAME)";
				SWIFT_VERSION = 5.0;
				TARGETED_DEVICE_FAMILY = "1,2";
				TEST_HOST = "$(BUILT_PRODUCTS_DIR)/LexterAppetiser.app/LexterAppetiser";
			};
			name = Release;
		};
		50C1FEF922E7E796003EE148 /* Debug */ = {
			isa = XCBuildConfiguration;
			baseConfigurationReference = 06EA787F5C7AE1986992402E /* Pods-LexterAppetiserUITests.debug.xcconfig */;
			buildSettings = {
				ALWAYS_EMBED_SWIFT_STANDARD_LIBRARIES = "$(inherited)";
				CODE_SIGN_STYLE = Automatic;
				DEVELOPMENT_TEAM = ZZ75FS2Y78;
				INFOPLIST_FILE = LexterAppetiserUITests/Info.plist;
				LD_RUNPATH_SEARCH_PATHS = (
					"$(inherited)",
					"@executable_path/Frameworks",
					"@loader_path/Frameworks",
				);
				PRODUCT_BUNDLE_IDENTIFIER = com.lexlab.LexterAppetiserUITests;
				PRODUCT_NAME = "$(TARGET_NAME)";
				SWIFT_VERSION = 5.0;
				TARGETED_DEVICE_FAMILY = "1,2";
				TEST_TARGET_NAME = LexterAppetiser;
			};
			name = Debug;
		};
		50C1FEFA22E7E796003EE148 /* Release */ = {
			isa = XCBuildConfiguration;
			baseConfigurationReference = 3DA8AE7BC0473A9034286346 /* Pods-LexterAppetiserUITests.release.xcconfig */;
			buildSettings = {
				ALWAYS_EMBED_SWIFT_STANDARD_LIBRARIES = "$(inherited)";
				CODE_SIGN_STYLE = Automatic;
				DEVELOPMENT_TEAM = ZZ75FS2Y78;
				INFOPLIST_FILE = LexterAppetiserUITests/Info.plist;
				LD_RUNPATH_SEARCH_PATHS = (
					"$(inherited)",
					"@executable_path/Frameworks",
					"@loader_path/Frameworks",
				);
				PRODUCT_BUNDLE_IDENTIFIER = com.lexlab.LexterAppetiserUITests;
				PRODUCT_NAME = "$(TARGET_NAME)";
				SWIFT_VERSION = 5.0;
				TARGETED_DEVICE_FAMILY = "1,2";
				TEST_TARGET_NAME = LexterAppetiser;
			};
			name = Release;
		};
/* End XCBuildConfiguration section */

/* Begin XCConfigurationList section */
		50C1FEC322E7E795003EE148 /* Build configuration list for PBXProject "LexterAppetiser" */ = {
			isa = XCConfigurationList;
			buildConfigurations = (
				50C1FEF022E7E796003EE148 /* Debug */,
				50C1FEF122E7E796003EE148 /* Release */,
			);
			defaultConfigurationIsVisible = 0;
			defaultConfigurationName = Release;
		};
		50C1FEF222E7E796003EE148 /* Build configuration list for PBXNativeTarget "LexterAppetiser" */ = {
			isa = XCConfigurationList;
			buildConfigurations = (
				50C1FEF322E7E796003EE148 /* Debug */,
				50C1FEF422E7E796003EE148 /* Release */,
			);
			defaultConfigurationIsVisible = 0;
			defaultConfigurationName = Release;
		};
		50C1FEF522E7E796003EE148 /* Build configuration list for PBXNativeTarget "LexterAppetiserTests" */ = {
			isa = XCConfigurationList;
			buildConfigurations = (
				50C1FEF622E7E796003EE148 /* Debug */,
				50C1FEF722E7E796003EE148 /* Release */,
			);
			defaultConfigurationIsVisible = 0;
			defaultConfigurationName = Release;
		};
		50C1FEF822E7E796003EE148 /* Build configuration list for PBXNativeTarget "LexterAppetiserUITests" */ = {
			isa = XCConfigurationList;
			buildConfigurations = (
				50C1FEF922E7E796003EE148 /* Debug */,
				50C1FEFA22E7E796003EE148 /* Release */,
			);
			defaultConfigurationIsVisible = 0;
			defaultConfigurationName = Release;
		};
/* End XCConfigurationList section */
	};
	rootObject = 50C1FEC022E7E795003EE148 /* Project object */;
}
