// !$*UTF8*$!
{
	archiveVersion = 1;
	classes = {
	};
	objectVersion = 50;
	objects = {

/* Begin PBXBuildFile section */
		50C1FF1122E7F6AB003EE148 /* AppDelegate.swift in Sources */ = {isa = PBXBuildFile; fileRef = 50C1FF1022E7F6AB003EE148 /* AppDelegate.swift */; };
		50C1FF1622E7F6AB003EE148 /* MasterViewController.swift in Sources */ = {isa = PBXBuildFile; fileRef = 50C1FF1522E7F6AB003EE148 /* MasterViewController.swift */; };
		50C1FF1822E7F6AB003EE148 /* DetailViewController.swift in Sources */ = {isa = PBXBuildFile; fileRef = 50C1FF1722E7F6AB003EE148 /* DetailViewController.swift */; };
		50C1FF1B22E7F6AB003EE148 /* Main.storyboard in Resources */ = {isa = PBXBuildFile; fileRef = 50C1FF1922E7F6AB003EE148 /* Main.storyboard */; };
		50C1FF1D22E7F6AC003EE148 /* Assets.xcassets in Resources */ = {isa = PBXBuildFile; fileRef = 50C1FF1C22E7F6AC003EE148 /* Assets.xcassets */; };
		50C1FF2022E7F6AC003EE148 /* LaunchScreen.storyboard in Resources */ = {isa = PBXBuildFile; fileRef = 50C1FF1E22E7F6AC003EE148 /* LaunchScreen.storyboard */; };
		50C1FF2B22E7F6AC003EE148 /* LexterAppetiserTests.swift in Sources */ = {isa = PBXBuildFile; fileRef = 50C1FF2A22E7F6AC003EE148 /* LexterAppetiserTests.swift */; };
		50C1FF3622E7F6AC003EE148 /* LexterAppetiserUITests.swift in Sources */ = {isa = PBXBuildFile; fileRef = 50C1FF3522E7F6AC003EE148 /* LexterAppetiserUITests.swift */; };
		50C1FF4922E80B7D003EE148 /* Track+CoreDataClass.swift in Sources */ = {isa = PBXBuildFile; fileRef = 50C1FF4722E80B7D003EE148 /* Track+CoreDataClass.swift */; };
		50C1FF4A22E80B7D003EE148 /* Track+CoreDataProperties.swift in Sources */ = {isa = PBXBuildFile; fileRef = 50C1FF4822E80B7D003EE148 /* Track+CoreDataProperties.swift */; };
		50C1FF4B22E80D3E003EE148 /* LexterAppetiser.xcdatamodeld in Resources */ = {isa = PBXBuildFile; fileRef = 50C1FF1222E7F6AB003EE148 /* LexterAppetiser.xcdatamodeld */; };
		50C1FF4D22E81D16003EE148 /* TrackCell.swift in Sources */ = {isa = PBXBuildFile; fileRef = 50C1FF4C22E81D16003EE148 /* TrackCell.swift */; };
		DDADEFC422EC8E33005B24E2 /* NSManagedObject+Custom.swift in Sources */ = {isa = PBXBuildFile; fileRef = DDADEFC322EC8E33005B24E2 /* NSManagedObject+Custom.swift */; };
/* End PBXBuildFile section */

/* Begin PBXContainerItemProxy section */
		50C1FF2722E7F6AC003EE148 /* PBXContainerItemProxy */ = {
			isa = PBXContainerItemProxy;
			containerPortal = 50C1FF0522E7F6AB003EE148 /* Project object */;
			proxyType = 1;
			remoteGlobalIDString = 50C1FF0C22E7F6AB003EE148;
			remoteInfo = LexterAppetiser;
		};
		50C1FF3222E7F6AC003EE148 /* PBXContainerItemProxy */ = {
			isa = PBXContainerItemProxy;
			containerPortal = 50C1FF0522E7F6AB003EE148 /* Project object */;
			proxyType = 1;
			remoteGlobalIDString = 50C1FF0C22E7F6AB003EE148;
			remoteInfo = LexterAppetiser;
		};
/* End PBXContainerItemProxy section */

/* Begin PBXFileReference section */
		50C1FF0D22E7F6AB003EE148 /* LexterAppetiser.app */ = {isa = PBXFileReference; explicitFileType = wrapper.application; includeInIndex = 0; path = LexterAppetiser.app; sourceTree = BUILT_PRODUCTS_DIR; };
		50C1FF1022E7F6AB003EE148 /* AppDelegate.swift */ = {isa = PBXFileReference; lastKnownFileType = sourcecode.swift; path = AppDelegate.swift; sourceTree = "<group>"; };
		50C1FF1322E7F6AB003EE148 /* LexterAppetiser.xcdatamodel */ = {isa = PBXFileReference; lastKnownFileType = wrapper.xcdatamodel; path = LexterAppetiser.xcdatamodel; sourceTree = "<group>"; };
		50C1FF1522E7F6AB003EE148 /* MasterViewController.swift */ = {isa = PBXFileReference; lastKnownFileType = sourcecode.swift; path = MasterViewController.swift; sourceTree = "<group>"; };
		50C1FF1722E7F6AB003EE148 /* DetailViewController.swift */ = {isa = PBXFileReference; lastKnownFileType = sourcecode.swift; path = DetailViewController.swift; sourceTree = "<group>"; };
		50C1FF1A22E7F6AB003EE148 /* Base */ = {isa = PBXFileReference; lastKnownFileType = file.storyboard; name = Base; path = Base.lproj/Main.storyboard; sourceTree = "<group>"; };
		50C1FF1C22E7F6AC003EE148 /* Assets.xcassets */ = {isa = PBXFileReference; lastKnownFileType = folder.assetcatalog; path = Assets.xcassets; sourceTree = "<group>"; };
		50C1FF1F22E7F6AC003EE148 /* Base */ = {isa = PBXFileReference; lastKnownFileType = file.storyboard; name = Base; path = Base.lproj/LaunchScreen.storyboard; sourceTree = "<group>"; };
		50C1FF2122E7F6AC003EE148 /* Info.plist */ = {isa = PBXFileReference; lastKnownFileType = text.plist.xml; path = Info.plist; sourceTree = "<group>"; };
		50C1FF2622E7F6AC003EE148 /* LexterAppetiserTests.xctest */ = {isa = PBXFileReference; explicitFileType = wrapper.cfbundle; includeInIndex = 0; path = LexterAppetiserTests.xctest; sourceTree = BUILT_PRODUCTS_DIR; };
		50C1FF2A22E7F6AC003EE148 /* LexterAppetiserTests.swift */ = {isa = PBXFileReference; lastKnownFileType = sourcecode.swift; path = LexterAppetiserTests.swift; sourceTree = "<group>"; };
		50C1FF2C22E7F6AC003EE148 /* Info.plist */ = {isa = PBXFileReference; lastKnownFileType = text.plist.xml; path = Info.plist; sourceTree = "<group>"; };
		50C1FF3122E7F6AC003EE148 /* LexterAppetiserUITests.xctest */ = {isa = PBXFileReference; explicitFileType = wrapper.cfbundle; includeInIndex = 0; path = LexterAppetiserUITests.xctest; sourceTree = BUILT_PRODUCTS_DIR; };
		50C1FF3522E7F6AC003EE148 /* LexterAppetiserUITests.swift */ = {isa = PBXFileReference; lastKnownFileType = sourcecode.swift; path = LexterAppetiserUITests.swift; sourceTree = "<group>"; };
		50C1FF3722E7F6AC003EE148 /* Info.plist */ = {isa = PBXFileReference; lastKnownFileType = text.plist.xml; path = Info.plist; sourceTree = "<group>"; };
		50C1FF4722E80B7D003EE148 /* Track+CoreDataClass.swift */ = {isa = PBXFileReference; lastKnownFileType = sourcecode.swift; path = "Track+CoreDataClass.swift"; sourceTree = "<group>"; };
		50C1FF4822E80B7D003EE148 /* Track+CoreDataProperties.swift */ = {isa = PBXFileReference; lastKnownFileType = sourcecode.swift; path = "Track+CoreDataProperties.swift"; sourceTree = "<group>"; };
		50C1FF4C22E81D16003EE148 /* TrackCell.swift */ = {isa = PBXFileReference; lastKnownFileType = sourcecode.swift; path = TrackCell.swift; sourceTree = "<group>"; };
		DDADEFC322EC8E33005B24E2 /* NSManagedObject+Custom.swift */ = {isa = PBXFileReference; lastKnownFileType = sourcecode.swift; path = "NSManagedObject+Custom.swift"; sourceTree = "<group>"; };
/* End PBXFileReference section */

/* Begin PBXFrameworksBuildPhase section */
		50C1FF0A22E7F6AB003EE148 /* Frameworks */ = {
			isa = PBXFrameworksBuildPhase;
			buildActionMask = 2147483647;
			files = (
			);
			runOnlyForDeploymentPostprocessing = 0;
		};
		50C1FF2322E7F6AC003EE148 /* Frameworks */ = {
			isa = PBXFrameworksBuildPhase;
			buildActionMask = 2147483647;
			files = (
			);
			runOnlyForDeploymentPostprocessing = 0;
		};
		50C1FF2E22E7F6AC003EE148 /* Frameworks */ = {
			isa = PBXFrameworksBuildPhase;
			buildActionMask = 2147483647;
			files = (
			);
			runOnlyForDeploymentPostprocessing = 0;
		};
/* End PBXFrameworksBuildPhase section */

/* Begin PBXGroup section */
		50C1FF0422E7F6AB003EE148 = {
			isa = PBXGroup;
			children = (
				50C1FF0F22E7F6AB003EE148 /* LexterAppetiser */,
				50C1FF2922E7F6AC003EE148 /* LexterAppetiserTests */,
				50C1FF3422E7F6AC003EE148 /* LexterAppetiserUITests */,
				50C1FF0E22E7F6AB003EE148 /* Products */,
			);
			sourceTree = "<group>";
		};
		50C1FF0E22E7F6AB003EE148 /* Products */ = {
			isa = PBXGroup;
			children = (
				50C1FF0D22E7F6AB003EE148 /* LexterAppetiser.app */,
				50C1FF2622E7F6AC003EE148 /* LexterAppetiserTests.xctest */,
				50C1FF3122E7F6AC003EE148 /* LexterAppetiserUITests.xctest */,
			);
			name = Products;
			sourceTree = "<group>";
		};
		50C1FF0F22E7F6AB003EE148 /* LexterAppetiser */ = {
			isa = PBXGroup;
			children = (
				DDADEFC322EC8E33005B24E2 /* NSManagedObject+Custom.swift */,
				50C1FF4722E80B7D003EE148 /* Track+CoreDataClass.swift */,
				50C1FF4822E80B7D003EE148 /* Track+CoreDataProperties.swift */,
				50C1FF1022E7F6AB003EE148 /* AppDelegate.swift */,
				50C1FF1522E7F6AB003EE148 /* MasterViewController.swift */,
				50C1FF1722E7F6AB003EE148 /* DetailViewController.swift */,
				50C1FF4C22E81D16003EE148 /* TrackCell.swift */,
				50C1FF1922E7F6AB003EE148 /* Main.storyboard */,
				50C1FF1C22E7F6AC003EE148 /* Assets.xcassets */,
				50C1FF1E22E7F6AC003EE148 /* LaunchScreen.storyboard */,
				50C1FF2122E7F6AC003EE148 /* Info.plist */,
				50C1FF1222E7F6AB003EE148 /* LexterAppetiser.xcdatamodeld */,
			);
			path = LexterAppetiser;
			sourceTree = "<group>";
		};
		50C1FF2922E7F6AC003EE148 /* LexterAppetiserTests */ = {
			isa = PBXGroup;
			children = (
				50C1FF2A22E7F6AC003EE148 /* LexterAppetiserTests.swift */,
				50C1FF2C22E7F6AC003EE148 /* Info.plist */,
			);
			path = LexterAppetiserTests;
			sourceTree = "<group>";
		};
		50C1FF3422E7F6AC003EE148 /* LexterAppetiserUITests */ = {
			isa = PBXGroup;
			children = (
				50C1FF3522E7F6AC003EE148 /* LexterAppetiserUITests.swift */,
				50C1FF3722E7F6AC003EE148 /* Info.plist */,
			);
			path = LexterAppetiserUITests;
			sourceTree = "<group>";
		};
/* End PBXGroup section */

/* Begin PBXNativeTarget section */
		50C1FF0C22E7F6AB003EE148 /* LexterAppetiser */ = {
			isa = PBXNativeTarget;
			buildConfigurationList = 50C1FF3A22E7F6AC003EE148 /* Build configuration list for PBXNativeTarget "LexterAppetiser" */;
			buildPhases = (
				50C1FF0922E7F6AB003EE148 /* Sources */,
				50C1FF0A22E7F6AB003EE148 /* Frameworks */,
				50C1FF0B22E7F6AB003EE148 /* Resources */,
			);
			buildRules = (
			);
			dependencies = (
			);
			name = LexterAppetiser;
			productName = LexterAppetiser;
			productReference = 50C1FF0D22E7F6AB003EE148 /* LexterAppetiser.app */;
			productType = "com.apple.product-type.application";
		};
		50C1FF2522E7F6AC003EE148 /* LexterAppetiserTests */ = {
			isa = PBXNativeTarget;
			buildConfigurationList = 50C1FF3D22E7F6AC003EE148 /* Build configuration list for PBXNativeTarget "LexterAppetiserTests" */;
			buildPhases = (
				50C1FF2222E7F6AC003EE148 /* Sources */,
				50C1FF2322E7F6AC003EE148 /* Frameworks */,
				50C1FF2422E7F6AC003EE148 /* Resources */,
			);
			buildRules = (
			);
			dependencies = (
				50C1FF2822E7F6AC003EE148 /* PBXTargetDependency */,
			);
			name = LexterAppetiserTests;
			productName = LexterAppetiserTests;
			productReference = 50C1FF2622E7F6AC003EE148 /* LexterAppetiserTests.xctest */;
			productType = "com.apple.product-type.bundle.unit-test";
		};
		50C1FF3022E7F6AC003EE148 /* LexterAppetiserUITests */ = {
			isa = PBXNativeTarget;
			buildConfigurationList = 50C1FF4022E7F6AC003EE148 /* Build configuration list for PBXNativeTarget "LexterAppetiserUITests" */;
			buildPhases = (
				50C1FF2D22E7F6AC003EE148 /* Sources */,
				50C1FF2E22E7F6AC003EE148 /* Frameworks */,
				50C1FF2F22E7F6AC003EE148 /* Resources */,
			);
			buildRules = (
			);
			dependencies = (
				50C1FF3322E7F6AC003EE148 /* PBXTargetDependency */,
			);
			name = LexterAppetiserUITests;
			productName = LexterAppetiserUITests;
			productReference = 50C1FF3122E7F6AC003EE148 /* LexterAppetiserUITests.xctest */;
			productType = "com.apple.product-type.bundle.ui-testing";
		};
/* End PBXNativeTarget section */

/* Begin PBXProject section */
		50C1FF0522E7F6AB003EE148 /* Project object */ = {
			isa = PBXProject;
			attributes = {
				LastSwiftUpdateCheck = 1020;
				LastUpgradeCheck = 1020;
				ORGANIZATIONNAME = "Lexter Labra";
				TargetAttributes = {
					50C1FF0C22E7F6AB003EE148 = {
						CreatedOnToolsVersion = 10.2.1;
					};
					50C1FF2522E7F6AC003EE148 = {
						CreatedOnToolsVersion = 10.2.1;
						TestTargetID = 50C1FF0C22E7F6AB003EE148;
					};
					50C1FF3022E7F6AC003EE148 = {
						CreatedOnToolsVersion = 10.2.1;
						TestTargetID = 50C1FF0C22E7F6AB003EE148;
					};
				};
			};
			buildConfigurationList = 50C1FF0822E7F6AB003EE148 /* Build configuration list for PBXProject "LexterAppetiser" */;
			compatibilityVersion = "Xcode 9.3";
			developmentRegion = en;
			hasScannedForEncodings = 0;
			knownRegions = (
				en,
				Base,
			);
			mainGroup = 50C1FF0422E7F6AB003EE148;
			productRefGroup = 50C1FF0E22E7F6AB003EE148 /* Products */;
			projectDirPath = "";
			projectRoot = "";
			targets = (
				50C1FF0C22E7F6AB003EE148 /* LexterAppetiser */,
				50C1FF2522E7F6AC003EE148 /* LexterAppetiserTests */,
				50C1FF3022E7F6AC003EE148 /* LexterAppetiserUITests */,
			);
		};
/* End PBXProject section */

/* Begin PBXResourcesBuildPhase section */
		50C1FF0B22E7F6AB003EE148 /* Resources */ = {
			isa = PBXResourcesBuildPhase;
			buildActionMask = 2147483647;
			files = (
				50C1FF4B22E80D3E003EE148 /* LexterAppetiser.xcdatamodeld in Resources */,
				50C1FF2022E7F6AC003EE148 /* LaunchScreen.storyboard in Resources */,
				50C1FF1D22E7F6AC003EE148 /* Assets.xcassets in Resources */,
				50C1FF1B22E7F6AB003EE148 /* Main.storyboard in Resources */,
			);
			runOnlyForDeploymentPostprocessing = 0;
		};
		50C1FF2422E7F6AC003EE148 /* Resources */ = {
			isa = PBXResourcesBuildPhase;
			buildActionMask = 2147483647;
			files = (
			);
			runOnlyForDeploymentPostprocessing = 0;
		};
		50C1FF2F22E7F6AC003EE148 /* Resources */ = {
			isa = PBXResourcesBuildPhase;
			buildActionMask = 2147483647;
			files = (
			);
			runOnlyForDeploymentPostprocessing = 0;
		};
/* End PBXResourcesBuildPhase section */

/* Begin PBXSourcesBuildPhase section */
		50C1FF0922E7F6AB003EE148 /* Sources */ = {
			isa = PBXSourcesBuildPhase;
			buildActionMask = 2147483647;
			files = (
				50C1FF4922E80B7D003EE148 /* Track+CoreDataClass.swift in Sources */,
				50C1FF1122E7F6AB003EE148 /* AppDelegate.swift in Sources */,
				50C1FF1622E7F6AB003EE148 /* MasterViewController.swift in Sources */,
				50C1FF1822E7F6AB003EE148 /* DetailViewController.swift in Sources */,
				50C1FF4A22E80B7D003EE148 /* Track+CoreDataProperties.swift in Sources */,
				50C1FF4D22E81D16003EE148 /* TrackCell.swift in Sources */,
				DDADEFC422EC8E33005B24E2 /* NSManagedObject+Custom.swift in Sources */,
			);
			runOnlyForDeploymentPostprocessing = 0;
		};
		50C1FF2222E7F6AC003EE148 /* Sources */ = {
			isa = PBXSourcesBuildPhase;
			buildActionMask = 2147483647;
			files = (
				50C1FF2B22E7F6AC003EE148 /* LexterAppetiserTests.swift in Sources */,
			);
			runOnlyForDeploymentPostprocessing = 0;
		};
		50C1FF2D22E7F6AC003EE148 /* Sources */ = {
			isa = PBXSourcesBuildPhase;
			buildActionMask = 2147483647;
			files = (
				50C1FF3622E7F6AC003EE148 /* LexterAppetiserUITests.swift in Sources */,
			);
			runOnlyForDeploymentPostprocessing = 0;
		};
/* End PBXSourcesBuildPhase section */

/* Begin PBXTargetDependency section */
		50C1FF2822E7F6AC003EE148 /* PBXTargetDependency */ = {
			isa = PBXTargetDependency;
			target = 50C1FF0C22E7F6AB003EE148 /* LexterAppetiser */;
			targetProxy = 50C1FF2722E7F6AC003EE148 /* PBXContainerItemProxy */;
		};
		50C1FF3322E7F6AC003EE148 /* PBXTargetDependency */ = {
			isa = PBXTargetDependency;
			target = 50C1FF0C22E7F6AB003EE148 /* LexterAppetiser */;
			targetProxy = 50C1FF3222E7F6AC003EE148 /* PBXContainerItemProxy */;
		};
/* End PBXTargetDependency section */

/* Begin PBXVariantGroup section */
		50C1FF1922E7F6AB003EE148 /* Main.storyboard */ = {
			isa = PBXVariantGroup;
			children = (
				50C1FF1A22E7F6AB003EE148 /* Base */,
			);
			name = Main.storyboard;
			sourceTree = "<group>";
		};
		50C1FF1E22E7F6AC003EE148 /* LaunchScreen.storyboard */ = {
			isa = PBXVariantGroup;
			children = (
				50C1FF1F22E7F6AC003EE148 /* Base */,
			);
			name = LaunchScreen.storyboard;
			sourceTree = "<group>";
		};
/* End PBXVariantGroup section */

/* Begin XCBuildConfiguration section */
		50C1FF3822E7F6AC003EE148 /* Debug */ = {
			isa = XCBuildConfiguration;
			buildSettings = {
				ALWAYS_SEARCH_USER_PATHS = NO;
				CLANG_ANALYZER_NONNULL = YES;
				CLANG_ANALYZER_NUMBER_OBJECT_CONVERSION = YES_AGGRESSIVE;
				CLANG_CXX_LANGUAGE_STANDARD = "gnu++14";
				CLANG_CXX_LIBRARY = "libc++";
				CLANG_ENABLE_MODULES = YES;
				CLANG_ENABLE_OBJC_ARC = YES;
				CLANG_ENABLE_OBJC_WEAK = YES;
				CLANG_WARN_BLOCK_CAPTURE_AUTORELEASING = YES;
				CLANG_WARN_BOOL_CONVERSION = YES;
				CLANG_WARN_COMMA = YES;
				CLANG_WARN_CONSTANT_CONVERSION = YES;
				CLANG_WARN_DEPRECATED_OBJC_IMPLEMENTATIONS = YES;
				CLANG_WARN_DIRECT_OBJC_ISA_USAGE = YES_ERROR;
				CLANG_WARN_DOCUMENTATION_COMMENTS = YES;
				CLANG_WARN_EMPTY_BODY = YES;
				CLANG_WARN_ENUM_CONVERSION = YES;
				CLANG_WARN_INFINITE_RECURSION = YES;
				CLANG_WARN_INT_CONVERSION = YES;
				CLANG_WARN_NON_LITERAL_NULL_CONVERSION = YES;
				CLANG_WARN_OBJC_IMPLICIT_RETAIN_SELF = YES;
				CLANG_WARN_OBJC_LITERAL_CONVERSION = YES;
				CLANG_WARN_OBJC_ROOT_CLASS = YES_ERROR;
				CLANG_WARN_RANGE_LOOP_ANALYSIS = YES;
				CLANG_WARN_STRICT_PROTOTYPES = YES;
				CLANG_WARN_SUSPICIOUS_MOVE = YES;
				CLANG_WARN_UNGUARDED_AVAILABILITY = YES_AGGRESSIVE;
				CLANG_WARN_UNREACHABLE_CODE = YES;
				CLANG_WARN__DUPLICATE_METHOD_MATCH = YES;
				CODE_SIGN_IDENTITY = "iPhone Developer";
				COPY_PHASE_STRIP = NO;
				DEBUG_INFORMATION_FORMAT = dwarf;
				ENABLE_STRICT_OBJC_MSGSEND = YES;
				ENABLE_TESTABILITY = YES;
				GCC_C_LANGUAGE_STANDARD = gnu11;
				GCC_DYNAMIC_NO_PIC = NO;
				GCC_NO_COMMON_BLOCKS = YES;
				GCC_OPTIMIZATION_LEVEL = 0;
				GCC_PREPROCESSOR_DEFINITIONS = (
					"DEBUG=1",
					"$(inherited)",
				);
				GCC_WARN_64_TO_32_BIT_CONVERSION = YES;
				GCC_WARN_ABOUT_RETURN_TYPE = YES_ERROR;
				GCC_WARN_UNDECLARED_SELECTOR = YES;
				GCC_WARN_UNINITIALIZED_AUTOS = YES_AGGRESSIVE;
				GCC_WARN_UNUSED_FUNCTION = YES;
				GCC_WARN_UNUSED_VARIABLE = YES;
				IPHONEOS_DEPLOYMENT_TARGET = 12.2;
				MTL_ENABLE_DEBUG_INFO = INCLUDE_SOURCE;
				MTL_FAST_MATH = YES;
				ONLY_ACTIVE_ARCH = YES;
				SDKROOT = iphoneos;
				SWIFT_ACTIVE_COMPILATION_CONDITIONS = DEBUG;
				SWIFT_OPTIMIZATION_LEVEL = "-Onone";
			};
			name = Debug;
		};
		50C1FF3922E7F6AC003EE148 /* Release */ = {
			isa = XCBuildConfiguration;
			buildSettings = {
				ALWAYS_SEARCH_USER_PATHS = NO;
				CLANG_ANALYZER_NONNULL = YES;
				CLANG_ANALYZER_NUMBER_OBJECT_CONVERSION = YES_AGGRESSIVE;
				CLANG_CXX_LANGUAGE_STANDARD = "gnu++14";
				CLANG_CXX_LIBRARY = "libc++";
				CLANG_ENABLE_MODULES = YES;
				CLANG_ENABLE_OBJC_ARC = YES;
				CLANG_ENABLE_OBJC_WEAK = YES;
				CLANG_WARN_BLOCK_CAPTURE_AUTORELEASING = YES;
				CLANG_WARN_BOOL_CONVERSION = YES;
				CLANG_WARN_COMMA = YES;
				CLANG_WARN_CONSTANT_CONVERSION = YES;
				CLANG_WARN_DEPRECATED_OBJC_IMPLEMENTATIONS = YES;
				CLANG_WARN_DIRECT_OBJC_ISA_USAGE = YES_ERROR;
				CLANG_WARN_DOCUMENTATION_COMMENTS = YES;
				CLANG_WARN_EMPTY_BODY = YES;
				CLANG_WARN_ENUM_CONVERSION = YES;
				CLANG_WARN_INFINITE_RECURSION = YES;
				CLANG_WARN_INT_CONVERSION = YES;
				CLANG_WARN_NON_LITERAL_NULL_CONVERSION = YES;
				CLANG_WARN_OBJC_IMPLICIT_RETAIN_SELF = YES;
				CLANG_WARN_OBJC_LITERAL_CONVERSION = YES;
				CLANG_WARN_OBJC_ROOT_CLASS = YES_ERROR;
				CLANG_WARN_RANGE_LOOP_ANALYSIS = YES;
				CLANG_WARN_STRICT_PROTOTYPES = YES;
				CLANG_WARN_SUSPICIOUS_MOVE = YES;
				CLANG_WARN_UNGUARDED_AVAILABILITY = YES_AGGRESSIVE;
				CLANG_WARN_UNREACHABLE_CODE = YES;
				CLANG_WARN__DUPLICATE_METHOD_MATCH = YES;
				CODE_SIGN_IDENTITY = "iPhone Developer";
				COPY_PHASE_STRIP = NO;
				DEBUG_INFORMATION_FORMAT = "dwarf-with-dsym";
				ENABLE_NS_ASSERTIONS = NO;
				ENABLE_STRICT_OBJC_MSGSEND = YES;
				GCC_C_LANGUAGE_STANDARD = gnu11;
				GCC_NO_COMMON_BLOCKS = YES;
				GCC_WARN_64_TO_32_BIT_CONVERSION = YES;
				GCC_WARN_ABOUT_RETURN_TYPE = YES_ERROR;
				GCC_WARN_UNDECLARED_SELECTOR = YES;
				GCC_WARN_UNINITIALIZED_AUTOS = YES_AGGRESSIVE;
				GCC_WARN_UNUSED_FUNCTION = YES;
				GCC_WARN_UNUSED_VARIABLE = YES;
				IPHONEOS_DEPLOYMENT_TARGET = 12.2;
				MTL_ENABLE_DEBUG_INFO = NO;
				MTL_FAST_MATH = YES;
				SDKROOT = iphoneos;
				SWIFT_COMPILATION_MODE = wholemodule;
				SWIFT_OPTIMIZATION_LEVEL = "-O";
				VALIDATE_PRODUCT = YES;
			};
			name = Release;
		};
		50C1FF3B22E7F6AC003EE148 /* Debug */ = {
			isa = XCBuildConfiguration;
			buildSettings = {
				ASSETCATALOG_COMPILER_APPICON_NAME = AppIcon;
				CODE_SIGN_STYLE = Automatic;
				DEVELOPMENT_TEAM = ZZ75FS2Y78;
				INFOPLIST_FILE = LexterAppetiser/Info.plist;
				LD_RUNPATH_SEARCH_PATHS = (
					"$(inherited)",
					"@executable_path/Frameworks",
				);
				PRODUCT_BUNDLE_IDENTIFIER = com.lexlab.LexterAppetiser;
				PRODUCT_NAME = "$(TARGET_NAME)";
				SWIFT_VERSION = 5.0;
				TARGETED_DEVICE_FAMILY = "1,2";
			};
			name = Debug;
		};
		50C1FF3C22E7F6AC003EE148 /* Release */ = {
			isa = XCBuildConfiguration;
			buildSettings = {
				ASSETCATALOG_COMPILER_APPICON_NAME = AppIcon;
				CODE_SIGN_STYLE = Automatic;
				DEVELOPMENT_TEAM = ZZ75FS2Y78;
				INFOPLIST_FILE = LexterAppetiser/Info.plist;
				LD_RUNPATH_SEARCH_PATHS = (
					"$(inherited)",
					"@executable_path/Frameworks",
				);
				PRODUCT_BUNDLE_IDENTIFIER = com.lexlab.LexterAppetiser;
				PRODUCT_NAME = "$(TARGET_NAME)";
				SWIFT_VERSION = 5.0;
				TARGETED_DEVICE_FAMILY = "1,2";
			};
			name = Release;
		};
		50C1FF3E22E7F6AC003EE148 /* Debug */ = {
			isa = XCBuildConfiguration;
			buildSettings = {
				ALWAYS_EMBED_SWIFT_STANDARD_LIBRARIES = YES;
				BUNDLE_LOADER = "$(TEST_HOST)";
				CODE_SIGN_STYLE = Automatic;
				DEVELOPMENT_TEAM = ZZ75FS2Y78;
				INFOPLIST_FILE = LexterAppetiserTests/Info.plist;
				LD_RUNPATH_SEARCH_PATHS = (
					"$(inherited)",
					"@executable_path/Frameworks",
					"@loader_path/Frameworks",
				);
				PRODUCT_BUNDLE_IDENTIFIER = com.lexlab.LexterAppetiserTests;
				PRODUCT_NAME = "$(TARGET_NAME)";
				SWIFT_VERSION = 5.0;
				TARGETED_DEVICE_FAMILY = "1,2";
				TEST_HOST = "$(BUILT_PRODUCTS_DIR)/LexterAppetiser.app/LexterAppetiser";
			};
			name = Debug;
		};
		50C1FF3F22E7F6AC003EE148 /* Release */ = {
			isa = XCBuildConfiguration;
			buildSettings = {
				ALWAYS_EMBED_SWIFT_STANDARD_LIBRARIES = YES;
				BUNDLE_LOADER = "$(TEST_HOST)";
				CODE_SIGN_STYLE = Automatic;
				DEVELOPMENT_TEAM = ZZ75FS2Y78;
				INFOPLIST_FILE = LexterAppetiserTests/Info.plist;
				LD_RUNPATH_SEARCH_PATHS = (
					"$(inherited)",
					"@executable_path/Frameworks",
					"@loader_path/Frameworks",
				);
				PRODUCT_BUNDLE_IDENTIFIER = com.lexlab.LexterAppetiserTests;
				PRODUCT_NAME = "$(TARGET_NAME)";
				SWIFT_VERSION = 5.0;
				TARGETED_DEVICE_FAMILY = "1,2";
				TEST_HOST = "$(BUILT_PRODUCTS_DIR)/LexterAppetiser.app/LexterAppetiser";
			};
			name = Release;
		};
		50C1FF4122E7F6AC003EE148 /* Debug */ = {
			isa = XCBuildConfiguration;
			buildSettings = {
				ALWAYS_EMBED_SWIFT_STANDARD_LIBRARIES = YES;
				CODE_SIGN_STYLE = Automatic;
				DEVELOPMENT_TEAM = ZZ75FS2Y78;
				INFOPLIST_FILE = LexterAppetiserUITests/Info.plist;
				LD_RUNPATH_SEARCH_PATHS = (
					"$(inherited)",
					"@executable_path/Frameworks",
					"@loader_path/Frameworks",
				);
				PRODUCT_BUNDLE_IDENTIFIER = com.lexlab.LexterAppetiserUITests;
				PRODUCT_NAME = "$(TARGET_NAME)";
				SWIFT_VERSION = 5.0;
				TARGETED_DEVICE_FAMILY = "1,2";
				TEST_TARGET_NAME = LexterAppetiser;
			};
			name = Debug;
		};
		50C1FF4222E7F6AC003EE148 /* Release */ = {
			isa = XCBuildConfiguration;
			buildSettings = {
				ALWAYS_EMBED_SWIFT_STANDARD_LIBRARIES = YES;
				CODE_SIGN_STYLE = Automatic;
				DEVELOPMENT_TEAM = ZZ75FS2Y78;
				INFOPLIST_FILE = LexterAppetiserUITests/Info.plist;
				LD_RUNPATH_SEARCH_PATHS = (
					"$(inherited)",
					"@executable_path/Frameworks",
					"@loader_path/Frameworks",
				);
				PRODUCT_BUNDLE_IDENTIFIER = com.lexlab.LexterAppetiserUITests;
				PRODUCT_NAME = "$(TARGET_NAME)";
				SWIFT_VERSION = 5.0;
				TARGETED_DEVICE_FAMILY = "1,2";
				TEST_TARGET_NAME = LexterAppetiser;
			};
			name = Release;
		};
/* End XCBuildConfiguration section */

/* Begin XCConfigurationList section */
		50C1FF0822E7F6AB003EE148 /* Build configuration list for PBXProject "LexterAppetiser" */ = {
			isa = XCConfigurationList;
			buildConfigurations = (
				50C1FF3822E7F6AC003EE148 /* Debug */,
				50C1FF3922E7F6AC003EE148 /* Release */,
			);
			defaultConfigurationIsVisible = 0;
			defaultConfigurationName = Release;
		};
		50C1FF3A22E7F6AC003EE148 /* Build configuration list for PBXNativeTarget "LexterAppetiser" */ = {
			isa = XCConfigurationList;
			buildConfigurations = (
				50C1FF3B22E7F6AC003EE148 /* Debug */,
				50C1FF3C22E7F6AC003EE148 /* Release */,
			);
			defaultConfigurationIsVisible = 0;
			defaultConfigurationName = Release;
		};
		50C1FF3D22E7F6AC003EE148 /* Build configuration list for PBXNativeTarget "LexterAppetiserTests" */ = {
			isa = XCConfigurationList;
			buildConfigurations = (
				50C1FF3E22E7F6AC003EE148 /* Debug */,
				50C1FF3F22E7F6AC003EE148 /* Release */,
			);
			defaultConfigurationIsVisible = 0;
			defaultConfigurationName = Release;
		};
		50C1FF4022E7F6AC003EE148 /* Build configuration list for PBXNativeTarget "LexterAppetiserUITests" */ = {
			isa = XCConfigurationList;
			buildConfigurations = (
				50C1FF4122E7F6AC003EE148 /* Debug */,
				50C1FF4222E7F6AC003EE148 /* Release */,
			);
			defaultConfigurationIsVisible = 0;
			defaultConfigurationName = Release;
		};
/* End XCConfigurationList section */

/* Begin XCVersionGroup section */
		50C1FF1222E7F6AB003EE148 /* LexterAppetiser.xcdatamodeld */ = {
			isa = XCVersionGroup;
			children = (
				50C1FF1322E7F6AB003EE148 /* LexterAppetiser.xcdatamodel */,
			);
			currentVersion = 50C1FF1322E7F6AB003EE148 /* LexterAppetiser.xcdatamodel */;
			path = LexterAppetiser.xcdatamodeld;
			sourceTree = "<group>";
			versionGroupType = wrapper.xcdatamodel;
		};
/* End XCVersionGroup section */
	};
	rootObject = 50C1FF0522E7F6AB003EE148 /* Project object */;
}
